
Microsoft Visual Studio Solution File, Format Version 12.00
# Visual Studio Version 17
VisualStudioVersion = 17.11.35327.3
MinimumVisualStudioVersion = 10.0.40219.1
Project("{9A19103F-16F7-4668-BE54-9A1E7A4F7556}") = "KK12FG_HSZF_2024251", "KK12FG_HSZF_2024251\KK12FG_HSZF_2024251.csproj", "{ADB29F71-82AD-48C5-A10C-D1D2751BC240}"
EndProject
Project("{9A19103F-16F7-4668-BE54-9A1E7A4F7556}") = "KK12FG_HSZF_2024251.Application", "KK12FG_HSZF_2024251.Application\KK12FG_HSZF_2024251.Application.csproj", "{053F3746-7658-461A-BA34-E74A6C3A499C}"
EndProject
Project("{9A19103F-16F7-4668-BE54-9A1E7A4F7556}") = "KK12FG_HSZF_2024251.Model", "KK12FG_HSZF_2024251.Model\KK12FG_HSZF_2024251.Model.csproj", "{C2AD6ED2-FD6E-4630-AC14-A08969A67545}"
EndProject
Project("{9A19103F-16F7-4668-BE54-9A1E7A4F7556}") = "KK12FG_HSZF_2024251.Persistence.MsSql", "KK12FG_HSZF_2024251.Persistence.MsSql\KK12FG_HSZF_2024251.Persistence.MsSql.csproj", "{1C47751F-C44C-452D-94A9-B67B1DAC67F2}"
EndProject
Project("{9A19103F-16F7-4668-BE54-9A1E7A4F7556}") = "KK12FG_HSZF_2024251.Console", "KK12FG_HSZF_2024251.Console\KK12FG_HSZF_2024251.Console.csproj", "{2723892A-0D17-49D8-8BBB-180EF7FF00D8}"
EndProject
Project("{2150E333-8FDC-42A3-9474-1A3956D46DE8}") = "Application", "Application", "{983EDED9-0495-463F-BDDA-F4BF1BCF440B}"
EndProject
Project("{2150E333-8FDC-42A3-9474-1A3956D46DE8}") = "Domain", "Domain", "{62FEFC9B-01ED-4862-9CCE-4D22D033B21A}"
EndProject
Project("{2150E333-8FDC-42A3-9474-1A3956D46DE8}") = "Infrastructure", "Infrastructure", "{2076F319-A416-41DB-93DB-61C99E18C213}"
EndProject
Project("{2150E333-8FDC-42A3-9474-1A3956D46DE8}") = "Presentation", "Presentation", "{690448AB-8B18-4EA0-83CE-672C76AAE0C2}"
EndProject
Project("{2150E333-8FDC-42A3-9474-1A3956D46DE8}") = "Tests", "Tests", "{30EE8B6D-4198-4D56-9823-067A30E45334}"
EndProject
Project("{FAE04EC0-301F-11D3-BF4B-00C04F79EFBC}") = "KK12FG_HSZF_2024251.Test", "KK12FG_HSZF_2024251.Test\KK12FG_HSZF_2024251.Test.csproj", "{16ED280A-9BB5-48DB-B4DD-9E5D951C85D8}"
EndProject
Global
	GlobalSection(SolutionConfigurationPlatforms) = preSolution
		Debug|Any CPU = Debug|Any CPU
		Release|Any CPU = Release|Any CPU
	EndGlobalSection
	GlobalSection(ProjectConfigurationPlatforms) = postSolution
		{ADB29F71-82AD-48C5-A10C-D1D2751BC240}.Debug|Any CPU.ActiveCfg = Debug|Any CPU
		{ADB29F71-82AD-48C5-A10C-D1D2751BC240}.Debug|Any CPU.Build.0 = Debug|Any CPU
		{ADB29F71-82AD-48C5-A10C-D1D2751BC240}.Release|Any CPU.ActiveCfg = Release|Any CPU
		{ADB29F71-82AD-48C5-A10C-D1D2751BC240}.Release|Any CPU.Build.0 = Release|Any CPU
		{053F3746-7658-461A-BA34-E74A6C3A499C}.Debug|Any CPU.ActiveCfg = Debug|Any CPU
		{053F3746-7658-461A-BA34-E74A6C3A499C}.Debug|Any CPU.Build.0 = Debug|Any CPU
		{053F3746-7658-461A-BA34-E74A6C3A499C}.Release|Any CPU.ActiveCfg = Release|Any CPU
		{053F3746-7658-461A-BA34-E74A6C3A499C}.Release|Any CPU.Build.0 = Release|Any CPU
		{C2AD6ED2-FD6E-4630-AC14-A08969A67545}.Debug|Any CPU.ActiveCfg = Debug|Any CPU
		{C2AD6ED2-FD6E-4630-AC14-A08969A67545}.Debug|Any CPU.Build.0 = Debug|Any CPU
		{C2AD6ED2-FD6E-4630-AC14-A08969A67545}.Release|Any CPU.ActiveCfg = Release|Any CPU
		{C2AD6ED2-FD6E-4630-AC14-A08969A67545}.Release|Any CPU.Build.0 = Release|Any CPU
		{1C47751F-C44C-452D-94A9-B67B1DAC67F2}.Debug|Any CPU.ActiveCfg = Debug|Any CPU
		{1C47751F-C44C-452D-94A9-B67B1DAC67F2}.Debug|Any CPU.Build.0 = Debug|Any CPU
		{1C47751F-C44C-452D-94A9-B67B1DAC67F2}.Release|Any CPU.ActiveCfg = Release|Any CPU
		{1C47751F-C44C-452D-94A9-B67B1DAC67F2}.Release|Any CPU.Build.0 = Release|Any CPU
		{2723892A-0D17-49D8-8BBB-180EF7FF00D8}.Debug|Any CPU.ActiveCfg = Debug|Any CPU
		{2723892A-0D17-49D8-8BBB-180EF7FF00D8}.Debug|Any CPU.Build.0 = Debug|Any CPU
		{2723892A-0D17-49D8-8BBB-180EF7FF00D8}.Release|Any CPU.ActiveCfg = Release|Any CPU
		{2723892A-0D17-49D8-8BBB-180EF7FF00D8}.Release|Any CPU.Build.0 = Release|Any CPU
		{16ED280A-9BB5-48DB-B4DD-9E5D951C85D8}.Debug|Any CPU.ActiveCfg = Debug|Any CPU
		{16ED280A-9BB5-48DB-B4DD-9E5D951C85D8}.Debug|Any CPU.Build.0 = Debug|Any CPU
		{16ED280A-9BB5-48DB-B4DD-9E5D951C85D8}.Release|Any CPU.ActiveCfg = Release|Any CPU
		{16ED280A-9BB5-48DB-B4DD-9E5D951C85D8}.Release|Any CPU.Build.0 = Release|Any CPU
	EndGlobalSection
	GlobalSection(SolutionProperties) = preSolution
		HideSolutionNode = FALSE
	EndGlobalSection
	GlobalSection(NestedProjects) = preSolution
		{053F3746-7658-461A-BA34-E74A6C3A499C} = {983EDED9-0495-463F-BDDA-F4BF1BCF440B}
		{C2AD6ED2-FD6E-4630-AC14-A08969A67545} = {62FEFC9B-01ED-4862-9CCE-4D22D033B21A}
		{1C47751F-C44C-452D-94A9-B67B1DAC67F2} = {2076F319-A416-41DB-93DB-61C99E18C213}
		{2723892A-0D17-49D8-8BBB-180EF7FF00D8} = {690448AB-8B18-4EA0-83CE-672C76AAE0C2}
	EndGlobalSection
	GlobalSection(ExtensibilityGlobals) = postSolution
		SolutionGuid = {897BE1A7-B394-44DE-B359-8C44C7FAF6E0}
	EndGlobalSection
EndGlobal
